
Microsoft Visual Studio Solution File, Format Version 12.00
# Visual Studio Version 17
VisualStudioVersion = 17.11.35327.3
MinimumVisualStudioVersion = 10.0.40219.1
Project("{8BC9CEB8-8B4A-11D0-8D11-00A0C91BC942}") = "Better Paint 1", "Better Paint 1.vcxproj", "{28ED1164-4126-4326-A49C-EA96C83BCDAE}"
EndProject
Global
	GlobalSection(SolutionConfigurationPlatforms) = preSolution
		Debug|x64 = Debug|x64
		Debug|x86 = Debug|x86
		Release|x64 = Release|x64
		Release|x86 = Release|x86
	EndGlobalSection
	GlobalSection(ProjectConfigurationPlatforms) = postSolution
		{28ED1164-4126-4326-A49C-EA96C83BCDAE}.Debug|x64.ActiveCfg = Debug|x64
		{28ED1164-4126-4326-A49C-EA96C83BCDAE}.Debug|x64.Build.0 = Debug|x64
		{28ED1164-4126-4326-A49C-EA96C83BCDAE}.Debug|x86.ActiveCfg = Debug|Win32
		{28ED1164-4126-4326-A49C-EA96C83BCDAE}.Debug|x86.Build.0 = Debug|Win32
		{28ED1164-4126-4326-A49C-EA96C83BCDAE}.Release|x64.ActiveCfg = Release|x64
		{28ED1164-4126-4326-A49C-EA96C83BCDAE}.Release|x64.Build.0 = Release|x64
		{28ED1164-4126-4326-A49C-EA96C83BCDAE}.Release|x86.ActiveCfg = Release|Win32
		{28ED1164-4126-4326-A49C-EA96C83BCDAE}.Release|x86.Build.0 = Release|Win32
	EndGlobalSection
	GlobalSection(SolutionProperties) = preSolution
		HideSolutionNode = FALSE
	EndGlobalSection
	GlobalSection(ExtensibilityGlobals) = postSolution
		SolutionGuid = {89D3E259-1132-4C67-853A-9EFE94BA3B02}
	EndGlobalSection
EndGlobal
